
Microsoft Visual Studio Solution File, Format Version 12.00
# Visual Studio Version 17
VisualStudioVersion = 17.8.34525.116
MinimumVisualStudioVersion = 10.0.40219.1
Project("{FAE04EC0-301F-11D3-BF4B-00C04F79EFBC}") = "Faculty List Creator", "Faculty List Creator\Faculty List Creator.csproj", "{5F8B1984-BBF2-4B5D-B815-2313F2E40A32}"
EndProject
Global
	GlobalSection(SolutionConfigurationPlatforms) = preSolution
		Debug|Any CPU = Debug|Any CPU
		Release|Any CPU = Release|Any CPU
	EndGlobalSection
	GlobalSection(ProjectConfigurationPlatforms) = postSolution
		{5F8B1984-BBF2-4B5D-B815-2313F2E40A32}.Debug|Any CPU.ActiveCfg = Debug|Any CPU
		{5F8B1984-BBF2-4B5D-B815-2313F2E40A32}.Debug|Any CPU.Build.0 = Debug|Any CPU
		{5F8B1984-BBF2-4B5D-B815-2313F2E40A32}.Release|Any CPU.ActiveCfg = Release|Any CPU
		{5F8B1984-BBF2-4B5D-B815-2313F2E40A32}.Release|Any CPU.Build.0 = Release|Any CPU
	EndGlobalSection
	GlobalSection(SolutionProperties) = preSolution
		HideSolutionNode = FALSE
	EndGlobalSection
	GlobalSection(ExtensibilityGlobals) = postSolution
		SolutionGuid = {CF95B207-C954-4562-BE9E-FC81FCEAFBF6}
	EndGlobalSection
EndGlobal
